
Microsoft Visual Studio Solution File, Format Version 12.00
# Visual Studio 15
VisualStudioVersion = 15.0.27428.2043
MinimumVisualStudioVersion = 10.0.40219.1
Project("{F14B399A-7131-4C87-9E4B-1186C45EF12D}") = "Library_OnlineService", "Library_OnlineService\Library_OnlineService.rptproj", "{16B418ED-06C8-40CF-A4DC-B268B48C2224}"
EndProject
Global
	GlobalSection(SolutionConfigurationPlatforms) = preSolution
		Debug|Default = Debug|Default
		DebugLocal|Default = DebugLocal|Default
		Release|Default = Release|Default
	EndGlobalSection
	GlobalSection(ProjectConfigurationPlatforms) = postSolution
		{16B418ED-06C8-40CF-A4DC-B268B48C2224}.Debug|Default.ActiveCfg = Debug
		{16B418ED-06C8-40CF-A4DC-B268B48C2224}.Debug|Default.Build.0 = Debug
		{16B418ED-06C8-40CF-A4DC-B268B48C2224}.Debug|Default.Deploy.0 = Debug
		{16B418ED-06C8-40CF-A4DC-B268B48C2224}.DebugLocal|Default.ActiveCfg = DebugLocal
		{16B418ED-06C8-40CF-A4DC-B268B48C2224}.DebugLocal|Default.Build.0 = DebugLocal
		{16B418ED-06C8-40CF-A4DC-B268B48C2224}.Release|Default.ActiveCfg = Release
		{16B418ED-06C8-40CF-A4DC-B268B48C2224}.Release|Default.Build.0 = Release
		{16B418ED-06C8-40CF-A4DC-B268B48C2224}.Release|Default.Deploy.0 = Release
	EndGlobalSection
	GlobalSection(SolutionProperties) = preSolution
		HideSolutionNode = FALSE
	EndGlobalSection
	GlobalSection(ExtensibilityGlobals) = postSolution
		SolutionGuid = {3561A8DA-586E-4B50-9669-5F1A01E4B2DB}
	EndGlobalSection
EndGlobal
